
Microsoft Visual Studio Solution File, Format Version 12.00
# Visual Studio 14
VisualStudioVersion = 14.0.25420.1
MinimumVisualStudioVersion = 10.0.40219.1
Project("{54435603-DBB4-11D2-8724-00A0C9A8B90C}") = "syntrocore32_installer", "syntrocore32_installer.vdproj", "{6B684B5D-6C91-4BE0-B6E2-DB2809DE4568}"
EndProject
Global
	GlobalSection(SolutionConfigurationPlatforms) = preSolution
		Debug|Default = Debug|Default
		Release|Default = Release|Default
	EndGlobalSection
	GlobalSection(ProjectConfigurationPlatforms) = postSolution
		{6B684B5D-6C91-4BE0-B6E2-DB2809DE4568}.Debug|Default.ActiveCfg = Debug
		{6B684B5D-6C91-4BE0-B6E2-DB2809DE4568}.Debug|Default.Build.0 = Debug
		{6B684B5D-6C91-4BE0-B6E2-DB2809DE4568}.Release|Default.ActiveCfg = Release
		{6B684B5D-6C91-4BE0-B6E2-DB2809DE4568}.Release|Default.Build.0 = Release
	EndGlobalSection
	GlobalSection(SolutionProperties) = preSolution
		HideSolutionNode = FALSE
	EndGlobalSection
EndGlobal
